{
	"name": "@wang-cli-dev/utils",
	"version": "0.1.5",
	"lockfileVersion": 2,
	"requires": true,
	"packages": {
		"": {
			"name": "@wang-cli-dev/utils",
			"version": "0.1.5",
			"license": "ISC",
			"dependencies": {
				"root-check": "^2.0.0"
			}
		},
		"node_modules/ansi-styles": {
			"version": "4.3.0",
			"resolved": "https://registry.npmjs.org/ansi-styles/-/ansi-styles-4.3.0.tgz",
			"integrity": "sha512-zbB9rCJAT1rbjiVDb2hqKFHNYLxgtk8NURxZ3IZwD3F6NtxbXZQCnnSi1Lkx+IDohdPlFp222wVALIheZJQSEg==",
			"dependencies": {
				"color-convert": "^2.0.1"
			},
			"engines": {
				"node": ">=8"
			},
			"funding": {
				"url": "https://github.com/chalk/ansi-styles?sponsor=1"
			}
		},
		"node_modules/chalk": {
			"version": "4.1.2",
			"resolved": "https://registry.npmjs.org/chalk/-/chalk-4.1.2.tgz",
			"integrity": "sha512-oKnbhFyRIXpUuez8iBMmyEa4nbj4IOQyuhc/wy9kY7/WVPcwIO9VA668Pu8RkO7+0G76SLROeyw9CpQ061i4mA==",
			"dependencies": {
				"ansi-styles": "^4.1.0",
				"supports-color": "^7.1.0"
			},
			"engines": {
				"node": ">=10"
			},
			"funding": {
				"url": "https://github.com/chalk/chalk?sponsor=1"
			}
		},
		"node_modules/color-convert": {
			"version": "2.0.1",
			"resolved": "https://registry.npmjs.org/color-convert/-/color-convert-2.0.1.tgz",
			"integrity": "sha512-RRECPsj7iu/xb5oKYcsFHSppFNnsj/52OVTRKb4zP5onXwVF3zVmmToNcOfGC+CRDpfK/U584fMg38ZHCaElKQ==",
			"dependencies": {
				"color-name": "~1.1.4"
			},
			"engines": {
				"node": ">=7.0.0"
			}
		},
		"node_modules/color-name": {
			"version": "1.1.4",
			"resolved": "https://registry.npmjs.org/color-name/-/color-name-1.1.4.tgz",
			"integrity": "sha512-dOy+3AuW3a2wNbZHIuMZpTcgjGuLU/uBL/ubcZF9OXbDo8ff4O8yVp5Bf0efS8uEoYo5q4Fx7dY9OgQGXgAsQA=="
		},
		"node_modules/default-uid": {
			"version": "2.0.0",
			"resolved": "https://registry.npmjs.org/default-uid/-/default-uid-2.0.0.tgz",
			"integrity": "sha512-aMYTP7vinmUN/dR5n9JUNCB85jy+N+41jx53lMzR6DyGE6NeVPIxCPGbWjDYVNjz6Ei8C9hyeYAfuxVOe3UdsQ==",
			"engines": {
				"node": ">=12"
			},
			"funding": {
				"url": "https://github.com/sponsors/sindresorhus"
			}
		},
		"node_modules/downgrade-root": {
			"version": "2.0.0",
			"resolved": "https://registry.npmjs.org/downgrade-root/-/downgrade-root-2.0.0.tgz",
			"integrity": "sha512-tke0knZzG76FThh9diBex027u3qsoXv6PKZDva1fsEuqlzlstkcyoJgdHE/wQc2nBU1rnUcmhMUnQA3gucXc0Q==",
			"dependencies": {
				"default-uid": "^2.0.0",
				"is-root": "^3.0.0"
			},
			"engines": {
				"node": ">=12"
			},
			"funding": {
				"url": "https://github.com/sponsors/sindresorhus"
			}
		},
		"node_modules/has-flag": {
			"version": "4.0.0",
			"resolved": "https://registry.npmjs.org/has-flag/-/has-flag-4.0.0.tgz",
			"integrity": "sha512-EykJT/Q1KjTWctppgIAgfSO0tKVuZUjhgMr17kqTumMl6Afv3EISleU7qZUzoXDFTAHTDC4NOoG/ZxU3EvlMPQ==",
			"engines": {
				"node": ">=8"
			}
		},
		"node_modules/is-docker": {
			"version": "2.2.1",
			"resolved": "https://registry.npmjs.org/is-docker/-/is-docker-2.2.1.tgz",
			"integrity": "sha512-F+i2BKsFrH66iaUFc0woD8sLy8getkwTwtOBjvs56Cx4CgJDeKQeqfz8wAYiSb8JOprWhHH5p77PbmYCvvUuXQ==",
			"bin": {
				"is-docker": "cli.js"
			},
			"engines": {
				"node": ">=8"
			},
			"funding": {
				"url": "https://github.com/sponsors/sindresorhus"
			}
		},
		"node_modules/is-root": {
			"version": "3.0.0",
			"resolved": "https://registry.npmjs.org/is-root/-/is-root-3.0.0.tgz",
			"integrity": "sha512-C13bL54yQdgniduW8KFe81ttgQINcwMgil/zyNuDzr/xjIyDMkcvcc9dON62RH9VBAHOI7le+lTo/U3PY3irwg==",
			"engines": {
				"node": ">=12"
			},
			"funding": {
				"url": "https://github.com/sponsors/sindresorhus"
			}
		},
		"node_modules/root-check": {
			"version": "2.0.0",
			"resolved": "https://registry.npmjs.org/root-check/-/root-check-2.0.0.tgz",
			"integrity": "sha512-r9sl0ZLw27mJHTluboMNs345zqeRkIEthbrK2/1pSnl86XZGrNh58X4LqlS8EIViuOxZzjjvSoeIa7Q7OegrMA==",
			"dependencies": {
				"downgrade-root": "^2.0.0",
				"sudo-block": "^4.0.0"
			},
			"engines": {
				"node": ">=12"
			},
			"funding": {
				"url": "https://github.com/sponsors/sindresorhus"
			}
		},
		"node_modules/sudo-block": {
			"version": "4.0.0",
			"resolved": "https://registry.npmjs.org/sudo-block/-/sudo-block-4.0.0.tgz",
			"integrity": "sha512-bjCE4CcLPEX7K9aCOc9Z4iyNmi1bgEcjS11DU20IbhjxiY2CHwxP7Dy+JlXlGHRq47+wmVr8zmixfELWq+hKBQ==",
			"dependencies": {
				"chalk": "^4.1.1",
				"is-docker": "^2.2.1",
				"is-root": "^3.0.0"
			},
			"engines": {
				"node": ">=12"
			},
			"funding": {
				"url": "https://github.com/sponsors/sindresorhus"
			}
		},
		"node_modules/supports-color": {
			"version": "7.2.0",
			"resolved": "https://registry.npmjs.org/supports-color/-/supports-color-7.2.0.tgz",
			"integrity": "sha512-qpCAvRl9stuOHveKsn7HncJRvv501qIacKzQlO/+Lwxc9+0q2wLyv4Dfvt80/DPn2pqOBsJdDiogXGR9+OvwRw==",
			"dependencies": {
				"has-flag": "^4.0.0"
			},
			"engines": {
				"node": ">=8"
			}
		}
	},
	"dependencies": {
		"ansi-styles": {
			"version": "4.3.0",
			"resolved": "https://registry.npmjs.org/ansi-styles/-/ansi-styles-4.3.0.tgz",
			"integrity": "sha512-zbB9rCJAT1rbjiVDb2hqKFHNYLxgtk8NURxZ3IZwD3F6NtxbXZQCnnSi1Lkx+IDohdPlFp222wVALIheZJQSEg==",
			"requires": {
				"color-convert": "^2.0.1"
			}
		},
		"chalk": {
			"version": "4.1.2",
			"resolved": "https://registry.npmjs.org/chalk/-/chalk-4.1.2.tgz",
			"integrity": "sha512-oKnbhFyRIXpUuez8iBMmyEa4nbj4IOQyuhc/wy9kY7/WVPcwIO9VA668Pu8RkO7+0G76SLROeyw9CpQ061i4mA==",
			"requires": {
				"ansi-styles": "^4.1.0",
				"supports-color": "^7.1.0"
			}
		},
		"color-convert": {
			"version": "2.0.1",
			"resolved": "https://registry.npmjs.org/color-convert/-/color-convert-2.0.1.tgz",
			"integrity": "sha512-RRECPsj7iu/xb5oKYcsFHSppFNnsj/52OVTRKb4zP5onXwVF3zVmmToNcOfGC+CRDpfK/U584fMg38ZHCaElKQ==",
			"requires": {
				"color-name": "~1.1.4"
			}
		},
		"color-name": {
			"version": "1.1.4",
			"resolved": "https://registry.npmjs.org/color-name/-/color-name-1.1.4.tgz",
			"integrity": "sha512-dOy+3AuW3a2wNbZHIuMZpTcgjGuLU/uBL/ubcZF9OXbDo8ff4O8yVp5Bf0efS8uEoYo5q4Fx7dY9OgQGXgAsQA=="
		},
		"default-uid": {
			"version": "2.0.0",
			"resolved": "https://registry.npmjs.org/default-uid/-/default-uid-2.0.0.tgz",
			"integrity": "sha512-aMYTP7vinmUN/dR5n9JUNCB85jy+N+41jx53lMzR6DyGE6NeVPIxCPGbWjDYVNjz6Ei8C9hyeYAfuxVOe3UdsQ=="
		},
		"downgrade-root": {
			"version": "2.0.0",
			"resolved": "https://registry.npmjs.org/downgrade-root/-/downgrade-root-2.0.0.tgz",
			"integrity": "sha512-tke0knZzG76FThh9diBex027u3qsoXv6PKZDva1fsEuqlzlstkcyoJgdHE/wQc2nBU1rnUcmhMUnQA3gucXc0Q==",
			"requires": {
				"default-uid": "^2.0.0",
				"is-root": "^3.0.0"
			}
		},
		"has-flag": {
			"version": "4.0.0",
			"resolved": "https://registry.npmjs.org/has-flag/-/has-flag-4.0.0.tgz",
			"integrity": "sha512-EykJT/Q1KjTWctppgIAgfSO0tKVuZUjhgMr17kqTumMl6Afv3EISleU7qZUzoXDFTAHTDC4NOoG/ZxU3EvlMPQ=="
		},
		"is-docker": {
			"version": "2.2.1",
			"resolved": "https://registry.npmjs.org/is-docker/-/is-docker-2.2.1.tgz",
			"integrity": "sha512-F+i2BKsFrH66iaUFc0woD8sLy8getkwTwtOBjvs56Cx4CgJDeKQeqfz8wAYiSb8JOprWhHH5p77PbmYCvvUuXQ=="
		},
		"is-root": {
			"version": "3.0.0",
			"resolved": "https://registry.npmjs.org/is-root/-/is-root-3.0.0.tgz",
			"integrity": "sha512-C13bL54yQdgniduW8KFe81ttgQINcwMgil/zyNuDzr/xjIyDMkcvcc9dON62RH9VBAHOI7le+lTo/U3PY3irwg=="
		},
		"root-check": {
			"version": "2.0.0",
			"resolved": "https://registry.npmjs.org/root-check/-/root-check-2.0.0.tgz",
			"integrity": "sha512-r9sl0ZLw27mJHTluboMNs345zqeRkIEthbrK2/1pSnl86XZGrNh58X4LqlS8EIViuOxZzjjvSoeIa7Q7OegrMA==",
			"requires": {
				"downgrade-root": "^2.0.0",
				"sudo-block": "^4.0.0"
			}
		},
		"sudo-block": {
			"version": "4.0.0",
			"resolved": "https://registry.npmjs.org/sudo-block/-/sudo-block-4.0.0.tgz",
			"integrity": "sha512-bjCE4CcLPEX7K9aCOc9Z4iyNmi1bgEcjS11DU20IbhjxiY2CHwxP7Dy+JlXlGHRq47+wmVr8zmixfELWq+hKBQ==",
			"requires": {
				"chalk": "^4.1.1",
				"is-docker": "^2.2.1",
				"is-root": "^3.0.0"
			}
		},
		"supports-color": {
			"version": "7.2.0",
			"resolved": "https://registry.npmjs.org/supports-color/-/supports-color-7.2.0.tgz",
			"integrity": "sha512-qpCAvRl9stuOHveKsn7HncJRvv501qIacKzQlO/+Lwxc9+0q2wLyv4Dfvt80/DPn2pqOBsJdDiogXGR9+OvwRw==",
			"requires": {
				"has-flag": "^4.0.0"
			}
		}
	}
}
